// !$*UTF8*$!
{
	archiveVersion = 1;
	classes = {
	};
	objectVersion = 46;
	objects = {

/* Begin PBXBuildFile section */
		2224CEF41D9C7EAE008117D4 /* ProductScanSuccessViewController.swift in Sources */ = {isa = PBXBuildFile; fileRef = 2224CEF31D9C7EAE008117D4 /* ProductScanSuccessViewController.swift */; };
		22480C551DA5DB8900FE216C /* ListButton.swift in Sources */ = {isa = PBXBuildFile; fileRef = 22480C541DA5DB8900FE216C /* ListButton.swift */; };
		22480C571DA615BD00FE216C /* LogInViewController.swift in Sources */ = {isa = PBXBuildFile; fileRef = 22480C561DA615BD00FE216C /* LogInViewController.swift */; };
		2288AF271D98B33700A3AB30 /* MainViewController.swift in Sources */ = {isa = PBXBuildFile; fileRef = 2288AF261D98B33700A3AB30 /* MainViewController.swift */; };
		2288AF291D98B35400A3AB30 /* TopBarViewController.swift in Sources */ = {isa = PBXBuildFile; fileRef = 2288AF281D98B35400A3AB30 /* TopBarViewController.swift */; };
		2288AF2B1D98B37100A3AB30 /* ScannerViewController.swift in Sources */ = {isa = PBXBuildFile; fileRef = 2288AF2A1D98B37100A3AB30 /* ScannerViewController.swift */; };
		2288AF2D1D98B3A000A3AB30 /* ScannedItem.swift in Sources */ = {isa = PBXBuildFile; fileRef = 2288AF2C1D98B3A000A3AB30 /* ScannedItem.swift */; };
		2288AF2F1D98B3B700A3AB30 /* CurentUser.swift in Sources */ = {isa = PBXBuildFile; fileRef = 2288AF2E1D98B3B700A3AB30 /* CurentUser.swift */; };
		2288AF311D98B3D700A3AB30 /* ParseBackendHandler.swift in Sources */ = {isa = PBXBuildFile; fileRef = 2288AF301D98B3D700A3AB30 /* ParseBackendHandler.swift */; };
		2288AF371D98CBDE00A3AB30 /* PlateScanSuccessPopOverVC.swift in Sources */ = {isa = PBXBuildFile; fileRef = 2288AF361D98CBDE00A3AB30 /* PlateScanSuccessPopOverVC.swift */; };
		2288AF391D98CBFB00A3AB30 /* ArchivePopOverViewController.swift in Sources */ = {isa = PBXBuildFile; fileRef = 2288AF381D98CBFB00A3AB30 /* ArchivePopOverViewController.swift */; };
		2288AF3B1D98CC1700A3AB30 /* ListTableViewController.swift in Sources */ = {isa = PBXBuildFile; fileRef = 2288AF3A1D98CC1700A3AB30 /* ListTableViewController.swift */; };
		2288AF3D1D98CC4A00A3AB30 /* DetailsOfItemViewController.swift in Sources */ = {isa = PBXBuildFile; fileRef = 2288AF3C1D98CC4A00A3AB30 /* DetailsOfItemViewController.swift */; };
		2288AF411D98D06900A3AB30 /* SettingsTableTableViewController.swift in Sources */ = {isa = PBXBuildFile; fileRef = 2288AF401D98D06900A3AB30 /* SettingsTableTableViewController.swift */; };
		2288AF451D9A2CEB00A3AB30 /* ListViewController.swift in Sources */ = {isa = PBXBuildFile; fileRef = 2288AF441D9A2CEB00A3AB30 /* ListViewController.swift */; };
		2288AF471D9A2E2600A3AB30 /* ListTopBarViewController.swift in Sources */ = {isa = PBXBuildFile; fileRef = 2288AF461D9A2E2600A3AB30 /* ListTopBarViewController.swift */; };
		2299A2921DB4A04B00BD45A9 /* Launch Screen.storyboard in Resources */ = {isa = PBXBuildFile; fileRef = 2299A2911DB4A04B00BD45A9 /* Launch Screen.storyboard */; };
		229A9D1B1DA708E100DD56D2 /* LogoView.swift in Sources */ = {isa = PBXBuildFile; fileRef = 229A9D1A1DA708E100DD56D2 /* LogoView.swift */; };
		22BE27E41D9F22F600C60C5B /* DetailsTopBarViewController.swift in Sources */ = {isa = PBXBuildFile; fileRef = 22BE27E31D9F22F600C60C5B /* DetailsTopBarViewController.swift */; };
		22BE27E61D9F2B4300C60C5B /* DetailsOfItemTableViewController.swift in Sources */ = {isa = PBXBuildFile; fileRef = 22BE27E51D9F2B4300C60C5B /* DetailsOfItemTableViewController.swift */; };
		8136E54C1CB4D7DD0011D421 /* Launch.storyboard in Resources */ = {isa = PBXBuildFile; fileRef = 8136E54B1CB4D7DD0011D421 /* Launch.storyboard */; };
		814C3ACA1B69877600E307BB /* Main.storyboard in Resources */ = {isa = PBXBuildFile; fileRef = 814C3AC61B69877600E307BB /* Main.storyboard */; };
		814C3ACB1B69877600E307BB /* Images.xcassets in Resources */ = {isa = PBXBuildFile; fileRef = 814C3AC81B69877600E307BB /* Images.xcassets */; };
		81BA814B1A49DA1800E65899 /* AppDelegate.swift in Sources */ = {isa = PBXBuildFile; fileRef = 81BA814A1A49DA1800E65899 /* AppDelegate.swift */; };
		81BA81701A49DB6800E65899 /* Bolts.framework in Frameworks */ = {isa = PBXBuildFile; fileRef = 81BA816B1A49DB6800E65899 /* Bolts.framework */; };
		81BA81711A49DB6800E65899 /* Parse.framework in Frameworks */ = {isa = PBXBuildFile; fileRef = 81BA816C1A49DB6800E65899 /* Parse.framework */; };
		81BA81771A49E0D500E65899 /* libsqlite3.dylib in Frameworks */ = {isa = PBXBuildFile; fileRef = 81BA81761A49E0D500E65899 /* libsqlite3.dylib */; };
		81BA81791A49E0DB00E65899 /* AudioToolbox.framework in Frameworks */ = {isa = PBXBuildFile; fileRef = 81BA81781A49E0DB00E65899 /* AudioToolbox.framework */; };
		81BA817B1A49E0E500E65899 /* SystemConfiguration.framework in Frameworks */ = {isa = PBXBuildFile; fileRef = 81BA817A1A49E0E500E65899 /* SystemConfiguration.framework */; };
		81BA817F1A49E0F000E65899 /* libstdc++.6.dylib in Frameworks */ = {isa = PBXBuildFile; fileRef = 81BA817E1A49E0F000E65899 /* libstdc++.6.dylib */; };
/* End PBXBuildFile section */

/* Begin PBXFileReference section */
		2224CEF31D9C7EAE008117D4 /* ProductScanSuccessViewController.swift */ = {isa = PBXFileReference; fileEncoding = 4; lastKnownFileType = sourcecode.swift; path = ProductScanSuccessViewController.swift; sourceTree = "<group>"; };
		22480C541DA5DB8900FE216C /* ListButton.swift */ = {isa = PBXFileReference; fileEncoding = 4; lastKnownFileType = sourcecode.swift; path = ListButton.swift; sourceTree = "<group>"; };
		22480C561DA615BD00FE216C /* LogInViewController.swift */ = {isa = PBXFileReference; fileEncoding = 4; lastKnownFileType = sourcecode.swift; path = LogInViewController.swift; sourceTree = "<group>"; };
		2288AF261D98B33700A3AB30 /* MainViewController.swift */ = {isa = PBXFileReference; fileEncoding = 4; lastKnownFileType = sourcecode.swift; path = MainViewController.swift; sourceTree = "<group>"; };
		2288AF281D98B35400A3AB30 /* TopBarViewController.swift */ = {isa = PBXFileReference; fileEncoding = 4; lastKnownFileType = sourcecode.swift; path = TopBarViewController.swift; sourceTree = "<group>"; };
		2288AF2A1D98B37100A3AB30 /* ScannerViewController.swift */ = {isa = PBXFileReference; fileEncoding = 4; lastKnownFileType = sourcecode.swift; path = ScannerViewController.swift; sourceTree = "<group>"; };
		2288AF2C1D98B3A000A3AB30 /* ScannedItem.swift */ = {isa = PBXFileReference; fileEncoding = 4; lastKnownFileType = sourcecode.swift; path = ScannedItem.swift; sourceTree = "<group>"; };
		2288AF2E1D98B3B700A3AB30 /* CurentUser.swift */ = {isa = PBXFileReference; fileEncoding = 4; lastKnownFileType = sourcecode.swift; path = CurentUser.swift; sourceTree = "<group>"; };
		2288AF301D98B3D700A3AB30 /* ParseBackendHandler.swift */ = {isa = PBXFileReference; fileEncoding = 4; lastKnownFileType = sourcecode.swift; path = ParseBackendHandler.swift; sourceTree = "<group>"; };
		2288AF361D98CBDE00A3AB30 /* PlateScanSuccessPopOverVC.swift */ = {isa = PBXFileReference; fileEncoding = 4; lastKnownFileType = sourcecode.swift; path = PlateScanSuccessPopOverVC.swift; sourceTree = "<group>"; };
		2288AF381D98CBFB00A3AB30 /* ArchivePopOverViewController.swift */ = {isa = PBXFileReference; fileEncoding = 4; lastKnownFileType = sourcecode.swift; path = ArchivePopOverViewController.swift; sourceTree = "<group>"; };
		2288AF3A1D98CC1700A3AB30 /* ListTableViewController.swift */ = {isa = PBXFileReference; fileEncoding = 4; lastKnownFileType = sourcecode.swift; path = ListTableViewController.swift; sourceTree = "<group>"; };
		2288AF3C1D98CC4A00A3AB30 /* DetailsOfItemViewController.swift */ = {isa = PBXFileReference; fileEncoding = 4; lastKnownFileType = sourcecode.swift; path = DetailsOfItemViewController.swift; sourceTree = "<group>"; };
		2288AF401D98D06900A3AB30 /* SettingsTableTableViewController.swift */ = {isa = PBXFileReference; fileEncoding = 4; lastKnownFileType = sourcecode.swift; name = SettingsTableTableViewController.swift; path = ../SettingsTableTableViewController.swift; sourceTree = "<group>"; };
		2288AF441D9A2CEB00A3AB30 /* ListViewController.swift */ = {isa = PBXFileReference; fileEncoding = 4; lastKnownFileType = sourcecode.swift; path = ListViewController.swift; sourceTree = "<group>"; };
		2288AF461D9A2E2600A3AB30 /* ListTopBarViewController.swift */ = {isa = PBXFileReference; fileEncoding = 4; lastKnownFileType = sourcecode.swift; path = ListTopBarViewController.swift; sourceTree = "<group>"; };
		2299A2911DB4A04B00BD45A9 /* Launch Screen.storyboard */ = {isa = PBXFileReference; fileEncoding = 4; lastKnownFileType = file.storyboard; path = "Launch Screen.storyboard"; sourceTree = "<group>"; };
		229A9D1A1DA708E100DD56D2 /* LogoView.swift */ = {isa = PBXFileReference; fileEncoding = 4; lastKnownFileType = sourcecode.swift; path = LogoView.swift; sourceTree = "<group>"; };
		22BE27E31D9F22F600C60C5B /* DetailsTopBarViewController.swift */ = {isa = PBXFileReference; fileEncoding = 4; lastKnownFileType = sourcecode.swift; path = DetailsTopBarViewController.swift; sourceTree = "<group>"; };
		22BE27E51D9F2B4300C60C5B /* DetailsOfItemTableViewController.swift */ = {isa = PBXFileReference; fileEncoding = 4; lastKnownFileType = sourcecode.swift; path = DetailsOfItemTableViewController.swift; sourceTree = "<group>"; };
		8136E54B1CB4D7DD0011D421 /* Launch.storyboard */ = {isa = PBXFileReference; fileEncoding = 4; lastKnownFileType = file.storyboard; path = Launch.storyboard; sourceTree = "<group>"; };
		814C3AC71B69877600E307BB /* Base */ = {isa = PBXFileReference; lastKnownFileType = file.storyboard; name = Base; path = Base.lproj/Main.storyboard; sourceTree = "<group>"; };
		814C3AC81B69877600E307BB /* Images.xcassets */ = {isa = PBXFileReference; lastKnownFileType = folder.assetcatalog; path = Images.xcassets; sourceTree = "<group>"; };
		814C3AC91B69877600E307BB /* Info.plist */ = {isa = PBXFileReference; fileEncoding = 4; lastKnownFileType = text.plist.xml; path = Info.plist; sourceTree = "<group>"; };
		81BA81451A49DA1800E65899 /* HL-FI v2.0.app */ = {isa = PBXFileReference; explicitFileType = wrapper.application; includeInIndex = 0; path = "HL-FI v2.0.app"; sourceTree = BUILT_PRODUCTS_DIR; };
		81BA814A1A49DA1800E65899 /* AppDelegate.swift */ = {isa = PBXFileReference; lastKnownFileType = sourcecode.swift; path = AppDelegate.swift; sourceTree = "<group>"; };
		81BA816B1A49DB6800E65899 /* Bolts.framework */ = {isa = PBXFileReference; lastKnownFileType = wrapper.framework; path = Bolts.framework; sourceTree = "<group>"; };
		81BA816C1A49DB6800E65899 /* Parse.framework */ = {isa = PBXFileReference; lastKnownFileType = wrapper.framework; path = Parse.framework; sourceTree = "<group>"; };
		81BA816E1A49DB6800E65899 /* ParseFacebookUtils.framework */ = {isa = PBXFileReference; lastKnownFileType = wrapper.framework; path = ParseFacebookUtils.framework; sourceTree = "<group>"; };
		81BA81761A49E0D500E65899 /* libsqlite3.dylib */ = {isa = PBXFileReference; lastKnownFileType = "compiled.mach-o.dylib"; name = libsqlite3.dylib; path = usr/lib/libsqlite3.dylib; sourceTree = SDKROOT; };
		81BA81781A49E0DB00E65899 /* AudioToolbox.framework */ = {isa = PBXFileReference; lastKnownFileType = wrapper.framework; name = AudioToolbox.framework; path = System/Library/Frameworks/AudioToolbox.framework; sourceTree = SDKROOT; };
		81BA817A1A49E0E500E65899 /* SystemConfiguration.framework */ = {isa = PBXFileReference; lastKnownFileType = wrapper.framework; name = SystemConfiguration.framework; path = System/Library/Frameworks/SystemConfiguration.framework; sourceTree = SDKROOT; };
		81BA817E1A49E0F000E65899 /* libstdc++.6.dylib */ = {isa = PBXFileReference; lastKnownFileType = "compiled.mach-o.dylib"; name = "libstdc++.6.dylib"; path = "usr/lib/libstdc++.6.dylib"; sourceTree = SDKROOT; };
		81BA81801A49E10C00E65899 /* ParseUI.framework */ = {isa = PBXFileReference; lastKnownFileType = wrapper.framework; path = ParseUI.framework; sourceTree = "<group>"; };
/* End PBXFileReference section */

/* Begin PBXFrameworksBuildPhase section */
		81BA81421A49DA1800E65899 /* Frameworks */ = {
			isa = PBXFrameworksBuildPhase;
			buildActionMask = 2147483647;
			files = (
				81BA817F1A49E0F000E65899 /* libstdc++.6.dylib in Frameworks */,
				81BA817B1A49E0E500E65899 /* SystemConfiguration.framework in Frameworks */,
				81BA81791A49E0DB00E65899 /* AudioToolbox.framework in Frameworks */,
				81BA81771A49E0D500E65899 /* libsqlite3.dylib in Frameworks */,
				81BA81711A49DB6800E65899 /* Parse.framework in Frameworks */,
				81BA81701A49DB6800E65899 /* Bolts.framework in Frameworks */,
			);
			runOnlyForDeploymentPostprocessing = 0;
		};
/* End PBXFrameworksBuildPhase section */

/* Begin PBXGroup section */
		22BE27DF1D9F220200C60C5B /* Main View */ = {
			isa = PBXGroup;
			children = (
				2288AF261D98B33700A3AB30 /* MainViewController.swift */,
				2288AF281D98B35400A3AB30 /* TopBarViewController.swift */,
				2288AF2A1D98B37100A3AB30 /* ScannerViewController.swift */,
				2288AF401D98D06900A3AB30 /* SettingsTableTableViewController.swift */,
				22480C541DA5DB8900FE216C /* ListButton.swift */,
			);
			name = "Main View";
			sourceTree = "<group>";
		};
		22BE27E01D9F222300C60C5B /* List View */ = {
			isa = PBXGroup;
			children = (
				2288AF441D9A2CEB00A3AB30 /* ListViewController.swift */,
				2288AF461D9A2E2600A3AB30 /* ListTopBarViewController.swift */,
				2288AF3A1D98CC1700A3AB30 /* ListTableViewController.swift */,
			);
			name = "List View";
			sourceTree = "<group>";
		};
		22BE27E11D9F224500C60C5B /* Pop Overs */ = {
			isa = PBXGroup;
			children = (
				2288AF361D98CBDE00A3AB30 /* PlateScanSuccessPopOverVC.swift */,
				2224CEF31D9C7EAE008117D4 /* ProductScanSuccessViewController.swift */,
				2288AF381D98CBFB00A3AB30 /* ArchivePopOverViewController.swift */,
			);
			name = "Pop Overs";
			sourceTree = "<group>";
		};
		22BE27E21D9F22C100C60C5B /* Details View */ = {
			isa = PBXGroup;
			children = (
				2288AF3C1D98CC4A00A3AB30 /* DetailsOfItemViewController.swift */,
				22BE27E31D9F22F600C60C5B /* DetailsTopBarViewController.swift */,
				22BE27E51D9F2B4300C60C5B /* DetailsOfItemTableViewController.swift */,
			);
			name = "Details View";
			sourceTree = "<group>";
		};
		814C3AC51B69877600E307BB /* Resources */ = {
			isa = PBXGroup;
			children = (
				814C3AC81B69877600E307BB /* Images.xcassets */,
				814C3AC91B69877600E307BB /* Info.plist */,
				8136E54B1CB4D7DD0011D421 /* Launch.storyboard */,
			);
			path = Resources;
			sourceTree = "<group>";
		};
		81BA813C1A49DA1800E65899 = {
			isa = PBXGroup;
			children = (
				81BA81471A49DA1800E65899 /* ParseStarterProject */,
				814C3AC51B69877600E307BB /* Resources */,
				81BA816A1A49DB5600E65899 /* Frameworks */,
				81BA81461A49DA1800E65899 /* Products */,
			);
			sourceTree = "<group>";
		};
		81BA81461A49DA1800E65899 /* Products */ = {
			isa = PBXGroup;
			children = (
				81BA81451A49DA1800E65899 /* HL-FI v2.0.app */,
			);
			name = Products;
			sourceTree = "<group>";
		};
		81BA81471A49DA1800E65899 /* ParseStarterProject */ = {
			isa = PBXGroup;
			children = (
				81BA814A1A49DA1800E65899 /* AppDelegate.swift */,
				22480C561DA615BD00FE216C /* LogInViewController.swift */,
				229A9D1A1DA708E100DD56D2 /* LogoView.swift */,
				22BE27DF1D9F220200C60C5B /* Main View */,
				22BE27E01D9F222300C60C5B /* List View */,
				22BE27E11D9F224500C60C5B /* Pop Overs */,
				22BE27E21D9F22C100C60C5B /* Details View */,
				2288AF2E1D98B3B700A3AB30 /* CurentUser.swift */,
				2288AF2C1D98B3A000A3AB30 /* ScannedItem.swift */,
				2288AF301D98B3D700A3AB30 /* ParseBackendHandler.swift */,
				814C3AC61B69877600E307BB /* Main.storyboard */,
				2299A2911DB4A04B00BD45A9 /* Launch Screen.storyboard */,
			);
			path = ParseStarterProject;
			sourceTree = "<group>";
		};
		81BA816A1A49DB5600E65899 /* Frameworks */ = {
			isa = PBXGroup;
			children = (
				81BA816B1A49DB6800E65899 /* Bolts.framework */,
				81BA816C1A49DB6800E65899 /* Parse.framework */,
				81BA816E1A49DB6800E65899 /* ParseFacebookUtils.framework */,
				81BA81801A49E10C00E65899 /* ParseUI.framework */,
				81BA81751A49E0C500E65899 /* System Frameworks */,
			);
			name = Frameworks;
			sourceTree = "<group>";
		};
		81BA81751A49E0C500E65899 /* System Frameworks */ = {
			isa = PBXGroup;
			children = (
				81BA817E1A49E0F000E65899 /* libstdc++.6.dylib */,
				81BA817A1A49E0E500E65899 /* SystemConfiguration.framework */,
				81BA81781A49E0DB00E65899 /* AudioToolbox.framework */,
				81BA81761A49E0D500E65899 /* libsqlite3.dylib */,
			);
			name = "System Frameworks";
			sourceTree = "<group>";
		};
/* End PBXGroup section */

/* Begin PBXNativeTarget section */
		81BA81441A49DA1800E65899 /* HL-FI v2.0 */ = {
			isa = PBXNativeTarget;
			buildConfigurationList = 81BA81641A49DA1800E65899 /* Build configuration list for PBXNativeTarget "HL-FI v2.0" */;
			buildPhases = (
				81BA81411A49DA1800E65899 /* Sources */,
				81BA81421A49DA1800E65899 /* Frameworks */,
				81BA81431A49DA1800E65899 /* Resources */,
			);
			buildRules = (
			);
			dependencies = (
			);
			name = "HL-FI v2.0";
			productName = ParseStarterProject;
			productReference = 81BA81451A49DA1800E65899 /* HL-FI v2.0.app */;
			productType = "com.apple.product-type.application";
		};
/* End PBXNativeTarget section */

/* Begin PBXProject section */
		81BA813D1A49DA1800E65899 /* Project object */ = {
			isa = PBXProject;
			attributes = {
				LastSwiftUpdateCheck = 0700;
				LastUpgradeCheck = 0800;
				ORGANIZATIONNAME = Parse;
				TargetAttributes = {
					81BA81441A49DA1800E65899 = {
						CreatedOnToolsVersion = 6.1.1;
						DevelopmentTeam = 5EL7YNNLPR;
						LastSwiftMigration = 0800;
					};
				};
			};
			buildConfigurationList = 81BA81401A49DA1800E65899 /* Build configuration list for PBXProject "HL-FI v2.0" */;
			compatibilityVersion = "Xcode 3.2";
			developmentRegion = English;
			hasScannedForEncodings = 0;
			knownRegions = (
				en,
				Base,
			);
			mainGroup = 81BA813C1A49DA1800E65899;
			productRefGroup = 81BA81461A49DA1800E65899 /* Products */;
			projectDirPath = "";
			projectRoot = "";
			targets = (
				81BA81441A49DA1800E65899 /* HL-FI v2.0 */,
			);
		};
/* End PBXProject section */

/* Begin PBXResourcesBuildPhase section */
		81BA81431A49DA1800E65899 /* Resources */ = {
			isa = PBXResourcesBuildPhase;
			buildActionMask = 2147483647;
			files = (
				814C3ACA1B69877600E307BB /* Main.storyboard in Resources */,
				814C3ACB1B69877600E307BB /* Images.xcassets in Resources */,
				2299A2921DB4A04B00BD45A9 /* Launch Screen.storyboard in Resources */,
				8136E54C1CB4D7DD0011D421 /* Launch.storyboard in Resources */,
			);
			runOnlyForDeploymentPostprocessing = 0;
		};
/* End PBXResourcesBuildPhase section */

/* Begin PBXSourcesBuildPhase section */
		81BA81411A49DA1800E65899 /* Sources */ = {
			isa = PBXSourcesBuildPhase;
			buildActionMask = 2147483647;
			files = (
				2288AF391D98CBFB00A3AB30 /* ArchivePopOverViewController.swift in Sources */,
				229A9D1B1DA708E100DD56D2 /* LogoView.swift in Sources */,
				2288AF411D98D06900A3AB30 /* SettingsTableTableViewController.swift in Sources */,
				2288AF291D98B35400A3AB30 /* TopBarViewController.swift in Sources */,
				22480C551DA5DB8900FE216C /* ListButton.swift in Sources */,
				2288AF471D9A2E2600A3AB30 /* ListTopBarViewController.swift in Sources */,
				2288AF2F1D98B3B700A3AB30 /* CurentUser.swift in Sources */,
				2288AF3B1D98CC1700A3AB30 /* ListTableViewController.swift in Sources */,
				2288AF3D1D98CC4A00A3AB30 /* DetailsOfItemViewController.swift in Sources */,
				2224CEF41D9C7EAE008117D4 /* ProductScanSuccessViewController.swift in Sources */,
				22BE27E61D9F2B4300C60C5B /* DetailsOfItemTableViewController.swift in Sources */,
				2288AF451D9A2CEB00A3AB30 /* ListViewController.swift in Sources */,
				2288AF2D1D98B3A000A3AB30 /* ScannedItem.swift in Sources */,
				2288AF271D98B33700A3AB30 /* MainViewController.swift in Sources */,
				22BE27E41D9F22F600C60C5B /* DetailsTopBarViewController.swift in Sources */,
				2288AF311D98B3D700A3AB30 /* ParseBackendHandler.swift in Sources */,
				2288AF2B1D98B37100A3AB30 /* ScannerViewController.swift in Sources */,
				2288AF371D98CBDE00A3AB30 /* PlateScanSuccessPopOverVC.swift in Sources */,
				22480C571DA615BD00FE216C /* LogInViewController.swift in Sources */,
				81BA814B1A49DA1800E65899 /* AppDelegate.swift in Sources */,
			);
			runOnlyForDeploymentPostprocessing = 0;
		};
/* End PBXSourcesBuildPhase section */

/* Begin PBXVariantGroup section */
		814C3AC61B69877600E307BB /* Main.storyboard */ = {
			isa = PBXVariantGroup;
			children = (
				814C3AC71B69877600E307BB /* Base */,
			);
			name = Main.storyboard;
			path = ../Resources;
			sourceTree = "<group>";
		};
/* End PBXVariantGroup section */

/* Begin XCBuildConfiguration section */
		81BA81621A49DA1800E65899 /* Debug */ = {
			isa = XCBuildConfiguration;
			buildSettings = {
				ALWAYS_SEARCH_USER_PATHS = NO;
				CLANG_CXX_LANGUAGE_STANDARD = "gnu++0x";
				CLANG_CXX_LIBRARY = "libc++";
				CLANG_ENABLE_MODULES = YES;
				CLANG_ENABLE_OBJC_ARC = YES;
				CLANG_WARN_BOOL_CONVERSION = YES;
				CLANG_WARN_CONSTANT_CONVERSION = YES;
				CLANG_WARN_DIRECT_OBJC_ISA_USAGE = YES_ERROR;
				CLANG_WARN_EMPTY_BODY = YES;
				CLANG_WARN_ENUM_CONVERSION = YES;
				CLANG_WARN_INFINITE_RECURSION = YES;
				CLANG_WARN_INT_CONVERSION = YES;
				CLANG_WARN_OBJC_ROOT_CLASS = YES_ERROR;
				CLANG_WARN_SUSPICIOUS_MOVE = YES;
				CLANG_WARN_UNREACHABLE_CODE = YES;
				CLANG_WARN__DUPLICATE_METHOD_MATCH = YES;
				"CODE_SIGN_IDENTITY[sdk=iphoneos*]" = "iPhone Developer";
				COPY_PHASE_STRIP = NO;
				ENABLE_STRICT_OBJC_MSGSEND = YES;
				ENABLE_TESTABILITY = YES;
				GCC_C_LANGUAGE_STANDARD = gnu99;
				GCC_DYNAMIC_NO_PIC = NO;
				GCC_NO_COMMON_BLOCKS = YES;
				GCC_OPTIMIZATION_LEVEL = 0;
				GCC_PREPROCESSOR_DEFINITIONS = (
					"DEBUG=1",
					"$(inherited)",
				);
				GCC_SYMBOLS_PRIVATE_EXTERN = NO;
				GCC_WARN_64_TO_32_BIT_CONVERSION = YES;
				GCC_WARN_ABOUT_RETURN_TYPE = YES_ERROR;
				GCC_WARN_UNDECLARED_SELECTOR = YES;
				GCC_WARN_UNINITIALIZED_AUTOS = YES_AGGRESSIVE;
				GCC_WARN_UNUSED_FUNCTION = YES;
				GCC_WARN_UNUSED_VARIABLE = YES;
				IPHONEOS_DEPLOYMENT_TARGET = 9.3;
				MTL_ENABLE_DEBUG_INFO = YES;
				ONLY_ACTIVE_ARCH = YES;
				SDKROOT = iphoneos;
				SWIFT_OPTIMIZATION_LEVEL = "-Onone";
				TARGETED_DEVICE_FAMILY = "1,2";
			};
			name = Debug;
		};
		81BA81631A49DA1800E65899 /* Release */ = {
			isa = XCBuildConfiguration;
			buildSettings = {
				ALWAYS_SEARCH_USER_PATHS = NO;
				CLANG_CXX_LANGUAGE_STANDARD = "gnu++0x";
				CLANG_CXX_LIBRARY = "libc++";
				CLANG_ENABLE_MODULES = YES;
				CLANG_ENABLE_OBJC_ARC = YES;
				CLANG_WARN_BOOL_CONVERSION = YES;
				CLANG_WARN_CONSTANT_CONVERSION = YES;
				CLANG_WARN_DIRECT_OBJC_ISA_USAGE = YES_ERROR;
				CLANG_WARN_EMPTY_BODY = YES;
				CLANG_WARN_ENUM_CONVERSION = YES;
				CLANG_WARN_INFINITE_RECURSION = YES;
				CLANG_WARN_INT_CONVERSION = YES;
				CLANG_WARN_OBJC_ROOT_CLASS = YES_ERROR;
				CLANG_WARN_SUSPICIOUS_MOVE = YES;
				CLANG_WARN_UNREACHABLE_CODE = YES;
				CLANG_WARN__DUPLICATE_METHOD_MATCH = YES;
				"CODE_SIGN_IDENTITY[sdk=iphoneos*]" = "iPhone Developer";
				COPY_PHASE_STRIP = YES;
				ENABLE_NS_ASSERTIONS = NO;
				ENABLE_STRICT_OBJC_MSGSEND = YES;
				GCC_C_LANGUAGE_STANDARD = gnu99;
				GCC_NO_COMMON_BLOCKS = YES;
				GCC_WARN_64_TO_32_BIT_CONVERSION = YES;
				GCC_WARN_ABOUT_RETURN_TYPE = YES_ERROR;
				GCC_WARN_UNDECLARED_SELECTOR = YES;
				GCC_WARN_UNINITIALIZED_AUTOS = YES_AGGRESSIVE;
				GCC_WARN_UNUSED_FUNCTION = YES;
				GCC_WARN_UNUSED_VARIABLE = YES;
				IPHONEOS_DEPLOYMENT_TARGET = 9.3;
				MTL_ENABLE_DEBUG_INFO = NO;
				SDKROOT = iphoneos;
				SWIFT_OPTIMIZATION_LEVEL = "-Owholemodule";
				TARGETED_DEVICE_FAMILY = "1,2";
				VALIDATE_PRODUCT = YES;
			};
			name = Release;
		};
		81BA81651A49DA1800E65899 /* Debug */ = {
			isa = XCBuildConfiguration;
			buildSettings = {
				ASSETCATALOG_COMPILER_APPICON_NAME = AppIcon;
				DEVELOPMENT_TEAM = 5EL7YNNLPR;
				FRAMEWORK_SEARCH_PATHS = (
					"$(inherited)",
					"$(PROJECT_DIR)",
				);
				INFOPLIST_FILE = Resources/Info.plist;
				IPHONEOS_DEPLOYMENT_TARGET = 8.0;
				LD_RUNPATH_SEARCH_PATHS = "$(inherited) @executable_path/Frameworks";
				PRODUCT_BUNDLE_IDENTIFIER = "com.parse.$(PRODUCT_NAME:rfc1034identifier)";
				PRODUCT_NAME = "HL-FI v2.0";
				SWIFT_VERSION = 2.3;
				TARGETED_DEVICE_FAMILY = 1;
			};
			name = Debug;
		};
		81BA81661A49DA1800E65899 /* Release */ = {
			isa = XCBuildConfiguration;
			buildSettings = {
				ASSETCATALOG_COMPILER_APPICON_NAME = AppIcon;
				DEVELOPMENT_TEAM = 5EL7YNNLPR;
				FRAMEWORK_SEARCH_PATHS = (
					"$(inherited)",
					"$(PROJECT_DIR)",
				);
				INFOPLIST_FILE = Resources/Info.plist;
				IPHONEOS_DEPLOYMENT_TARGET = 8.0;
				LD_RUNPATH_SEARCH_PATHS = "$(inherited) @executable_path/Frameworks";
				PRODUCT_BUNDLE_IDENTIFIER = "com.parse.$(PRODUCT_NAME:rfc1034identifier)";
				PRODUCT_NAME = "HL-FI v2.0";
				SWIFT_VERSION = 2.3;
				TARGETED_DEVICE_FAMILY = 1;
			};
			name = Release;
		};
/* End XCBuildConfiguration section */

/* Begin XCConfigurationList section */
		81BA81401A49DA1800E65899 /* Build configuration list for PBXProject "HL-FI v2.0" */ = {
			isa = XCConfigurationList;
			buildConfigurations = (
				81BA81621A49DA1800E65899 /* Debug */,
				81BA81631A49DA1800E65899 /* Release */,
			);
			defaultConfigurationIsVisible = 0;
			defaultConfigurationName = Release;
		};
		81BA81641A49DA1800E65899 /* Build configuration list for PBXNativeTarget "HL-FI v2.0" */ = {
			isa = XCConfigurationList;
			buildConfigurations = (
				81BA81651A49DA1800E65899 /* Debug */,
				81BA81661A49DA1800E65899 /* Release */,
			);
			defaultConfigurationIsVisible = 0;
			defaultConfigurationName = Release;
		};
/* End XCConfigurationList section */
	};
	rootObject = 81BA813D1A49DA1800E65899 /* Project object */;
}
